
Microsoft Visual Studio Solution File, Format Version 12.00
# Visual Studio Version 17
VisualStudioVersion = 17.9.34902.65
MinimumVisualStudioVersion = 10.0.40219.1
Project("{FAE04EC0-301F-11D3-BF4B-00C04F79EFBC}") = "EgyptianRecipes", "EgyptianRecipes\EgyptianRecipes.csproj", "{195DC7D1-E41D-48FD-9568-9A6A968F4795}"
EndProject
Global
	GlobalSection(SolutionConfigurationPlatforms) = preSolution
		Debug|Any CPU = Debug|Any CPU
		Release|Any CPU = Release|Any CPU
	EndGlobalSection
	GlobalSection(ProjectConfigurationPlatforms) = postSolution
		{195DC7D1-E41D-48FD-9568-9A6A968F4795}.Debug|Any CPU.ActiveCfg = Debug|Any CPU
		{195DC7D1-E41D-48FD-9568-9A6A968F4795}.Debug|Any CPU.Build.0 = Debug|Any CPU
		{195DC7D1-E41D-48FD-9568-9A6A968F4795}.Release|Any CPU.ActiveCfg = Release|Any CPU
		{195DC7D1-E41D-48FD-9568-9A6A968F4795}.Release|Any CPU.Build.0 = Release|Any CPU
	EndGlobalSection
	GlobalSection(SolutionProperties) = preSolution
		HideSolutionNode = FALSE
	EndGlobalSection
	GlobalSection(ExtensibilityGlobals) = postSolution
		SolutionGuid = {A506EAE4-ABF3-4D1B-9ED7-B980506F9E41}
	EndGlobalSection
EndGlobal
